
Microsoft Visual Studio Solution File, Format Version 12.00
Project("{FAE04EC0-301F-11D3-BF4B-00C04F79EFBC}") = "Telegram.Bot.Menus", "Telegram.Bot.Menus\Telegram.Bot.Menus.csproj", "{B34961BF-0897-41A6-853C-5359B9E46C68}"
EndProject
Project("{FAE04EC0-301F-11D3-BF4B-00C04F79EFBC}") = "TestApp", "TestApp\TestApp.csproj", "{A2995B91-812A-4C67-B459-40B0F93602A5}"
EndProject
Global
	GlobalSection(SolutionConfigurationPlatforms) = preSolution
		Debug|Any CPU = Debug|Any CPU
		Release|Any CPU = Release|Any CPU
	EndGlobalSection
	GlobalSection(ProjectConfigurationPlatforms) = postSolution
		{B34961BF-0897-41A6-853C-5359B9E46C68}.Debug|Any CPU.ActiveCfg = Debug|Any CPU
		{B34961BF-0897-41A6-853C-5359B9E46C68}.Debug|Any CPU.Build.0 = Debug|Any CPU
		{B34961BF-0897-41A6-853C-5359B9E46C68}.Release|Any CPU.ActiveCfg = Release|Any CPU
		{B34961BF-0897-41A6-853C-5359B9E46C68}.Release|Any CPU.Build.0 = Release|Any CPU
		{A2995B91-812A-4C67-B459-40B0F93602A5}.Debug|Any CPU.ActiveCfg = Debug|Any CPU
		{A2995B91-812A-4C67-B459-40B0F93602A5}.Debug|Any CPU.Build.0 = Debug|Any CPU
		{A2995B91-812A-4C67-B459-40B0F93602A5}.Release|Any CPU.ActiveCfg = Release|Any CPU
		{A2995B91-812A-4C67-B459-40B0F93602A5}.Release|Any CPU.Build.0 = Release|Any CPU
	EndGlobalSection
EndGlobal
